
Microsoft Visual Studio Solution File, Format Version 12.00
# Visual Studio Version 16
VisualStudioVersion = 16.0.31515.178
MinimumVisualStudioVersion = 10.0.40219.1
Project("{FAE04EC0-301F-11D3-BF4B-00C04F79EFBC}") = "KafkaProducer", "KafkaProducer\KafkaProducer.csproj", "{4853EF2D-5E34-4EEB-A7BD-27945F3D6876}"
EndProject
Project("{FAE04EC0-301F-11D3-BF4B-00C04F79EFBC}") = "KafkaConsumer", "KafkaConsumer\KafkaConsumer.csproj", "{CC199018-D05E-4E3E-B27B-0B7342E210B1}"
EndProject
Global
	GlobalSection(SolutionConfigurationPlatforms) = preSolution
		Debug|Any CPU = Debug|Any CPU
		Release|Any CPU = Release|Any CPU
	EndGlobalSection
	GlobalSection(ProjectConfigurationPlatforms) = postSolution
		{4853EF2D-5E34-4EEB-A7BD-27945F3D6876}.Debug|Any CPU.ActiveCfg = Debug|Any CPU
		{4853EF2D-5E34-4EEB-A7BD-27945F3D6876}.Debug|Any CPU.Build.0 = Debug|Any CPU
		{4853EF2D-5E34-4EEB-A7BD-27945F3D6876}.Release|Any CPU.ActiveCfg = Release|Any CPU
		{4853EF2D-5E34-4EEB-A7BD-27945F3D6876}.Release|Any CPU.Build.0 = Release|Any CPU
		{CC199018-D05E-4E3E-B27B-0B7342E210B1}.Debug|Any CPU.ActiveCfg = Debug|Any CPU
		{CC199018-D05E-4E3E-B27B-0B7342E210B1}.Debug|Any CPU.Build.0 = Debug|Any CPU
		{CC199018-D05E-4E3E-B27B-0B7342E210B1}.Release|Any CPU.ActiveCfg = Release|Any CPU
		{CC199018-D05E-4E3E-B27B-0B7342E210B1}.Release|Any CPU.Build.0 = Release|Any CPU
	EndGlobalSection
	GlobalSection(SolutionProperties) = preSolution
		HideSolutionNode = FALSE
	EndGlobalSection
	GlobalSection(ExtensibilityGlobals) = postSolution
		SolutionGuid = {5A128D93-6808-4D7A-BB3D-4F2418FAA4D4}
	EndGlobalSection
EndGlobal
